
Microsoft Visual Studio Solution File, Format Version 12.00
# Visual Studio Version 16
VisualStudioVersion = 16.0.31613.86
MinimumVisualStudioVersion = 10.0.40219.1
Project("{8BC9CEB8-8B4A-11D0-8D11-00A0C91BC942}") = "LIWEngine", "LIWEngine\LIWEngine.vcxproj", "{747FDAF1-39B2-4434-B9C0-CDFF7D2A6FD8}"
EndProject
Global
	GlobalSection(SolutionConfigurationPlatforms) = preSolution
		Debug|x64 = Debug|x64
		Debug|x86 = Debug|x86
		Release|x64 = Release|x64
		Release|x86 = Release|x86
	EndGlobalSection
	GlobalSection(ProjectConfigurationPlatforms) = postSolution
		{747FDAF1-39B2-4434-B9C0-CDFF7D2A6FD8}.Debug|x64.ActiveCfg = Debug|x64
		{747FDAF1-39B2-4434-B9C0-CDFF7D2A6FD8}.Debug|x64.Build.0 = Debug|x64
		{747FDAF1-39B2-4434-B9C0-CDFF7D2A6FD8}.Debug|x86.ActiveCfg = Debug|Win32
		{747FDAF1-39B2-4434-B9C0-CDFF7D2A6FD8}.Debug|x86.Build.0 = Debug|Win32
		{747FDAF1-39B2-4434-B9C0-CDFF7D2A6FD8}.Release|x64.ActiveCfg = Release|x64
		{747FDAF1-39B2-4434-B9C0-CDFF7D2A6FD8}.Release|x64.Build.0 = Release|x64
		{747FDAF1-39B2-4434-B9C0-CDFF7D2A6FD8}.Release|x86.ActiveCfg = Release|Win32
		{747FDAF1-39B2-4434-B9C0-CDFF7D2A6FD8}.Release|x86.Build.0 = Release|Win32
	EndGlobalSection
	GlobalSection(SolutionProperties) = preSolution
		HideSolutionNode = FALSE
	EndGlobalSection
	GlobalSection(ExtensibilityGlobals) = postSolution
		SolutionGuid = {AE9FE4A2-E5F4-4631-AC49-D92AB9570FA6}
	EndGlobalSection
EndGlobal
