<?xml version="1.0" encoding="utf-8"?>
<Project ToolsVersion="4.0" xmlns="http://schemas.microsoft.com/developer/msbuild/2003">
  <ItemGroup>
    <Filter Include="源文件">
      <UniqueIdentifier>{4FC737F1-C7A5-4376-A066-2A32D752A2FF}</UniqueIdentifier>
      <Extensions>cpp;c;cc;cxx;c++;cppm;ixx;def;odl;idl;hpj;bat;asm;asmx</Extensions>
    </Filter>
    <Filter Include="头文件">
      <UniqueIdentifier>{93995380-89BD-4b04-88EB-625FBE52EBFB}</UniqueIdentifier>
      <Extensions>h;hh;hpp;hxx;h++;hm;inl;inc;ipp;xsd</Extensions>
    </Filter>
    <Filter Include="资源文件">
      <UniqueIdentifier>{67DA6AB6-F800-4c08-8B7A-83BB121AAD01}</UniqueIdentifier>
      <Extensions>rc;ico;cur;bmp;dlg;rc2;rct;bin;rgs;gif;jpg;jpeg;jpe;resx;tiff;tif;png;wav;mfcribbon-ms</Extensions>
    </Filter>
    <Filter Include="ThirdParty">
      <UniqueIdentifier>{f0c87509-bde4-44ff-8826-48897e12fe88}</UniqueIdentifier>
    </Filter>
    <Filter Include="ThirdParty\imgui">
      <UniqueIdentifier>{e1134532-00c4-413f-b4fd-9a407287a176}</UniqueIdentifier>
    </Filter>
    <Filter Include="ThirdParty\imgui\backends">
      <UniqueIdentifier>{a8223a97-8776-400c-9cf4-345f1484ab5d}</UniqueIdentifier>
    </Filter>
    <Filter Include="Framework">
      <UniqueIdentifier>{64c7f34b-16b0-4e91-8b98-4ea2d4cfd239}</UniqueIdentifier>
    </Filter>
    <Filter Include="Framework\Renderer">
      <UniqueIdentifier>{1732d455-ff80-41f1-8ae6-077fd80143c3}</UniqueIdentifier>
    </Filter>
    <Filter Include="Utility">
      <UniqueIdentifier>{ecc609fd-cc24-41b3-a1cb-221e61e2355a}</UniqueIdentifier>
    </Filter>
    <Filter Include="Utility\Maths">
      <UniqueIdentifier>{e7a8b268-5cae-4f16-9107-312cf499d2b9}</UniqueIdentifier>
    </Filter>
    <Filter Include="Framework\ECSFramework">
      <UniqueIdentifier>{a993d0d7-02a2-4a0c-8738-4bd20a5456b0}</UniqueIdentifier>
    </Filter>
    <Filter Include="Framework\ECSFramework\LIWEntity">
      <UniqueIdentifier>{91c120a5-5144-4ee9-a823-46458a733363}</UniqueIdentifier>
    </Filter>
    <Filter Include="Framework\ECSFramework\LIWComponent">
      <UniqueIdentifier>{c64fb3d9-bfe9-4de2-b821-4890283d02e5}</UniqueIdentifier>
    </Filter>
    <Filter Include="Framework\ECSFramework\Common">
      <UniqueIdentifier>{dd453b00-0047-45d6-b0a4-2d0def22187e}</UniqueIdentifier>
    </Filter>
    <Filter Include="Framework\ECSFramework\LIWGame">
      <UniqueIdentifier>{5d6612be-b05b-4967-9b7f-ec8294755d07}</UniqueIdentifier>
    </Filter>
    <Filter Include="Framework\ECSFramework\LIWObject">
      <UniqueIdentifier>{bc92c48d-2db2-47aa-b177-cc73d31bb1ed}</UniqueIdentifier>
    </Filter>
    <Filter Include="Framework\ECSFramework\Common\LIWTimer">
      <UniqueIdentifier>{cab5d06a-fcf5-439e-b270-2b479b8bc933}</UniqueIdentifier>
    </Filter>
    <Filter Include="Application">
      <UniqueIdentifier>{660cb8cd-66cd-41dd-ae1a-00fe361429e9}</UniqueIdentifier>
    </Filter>
    <Filter Include="Application\Window">
      <UniqueIdentifier>{02b5ffcf-308d-4860-9bbe-cf8747a62127}</UniqueIdentifier>
    </Filter>
    <Filter Include="Application\Device">
      <UniqueIdentifier>{ba42e746-c4b4-4dc1-ad2a-6eb9dace9bdc}</UniqueIdentifier>
    </Filter>
    <Filter Include="Application\Device\Output">
      <UniqueIdentifier>{808772df-365f-4318-9958-23c08da1c84d}</UniqueIdentifier>
    </Filter>
    <Filter Include="Application\Device\Output\TextOutput">
      <UniqueIdentifier>{6a226f08-f83c-4e08-a9bb-05345d5d33ec}</UniqueIdentifier>
    </Filter>
    <Filter Include="Application\Device\Input">
      <UniqueIdentifier>{6ccbaa4b-6e9d-4b93-a676-67d05cab1c8a}</UniqueIdentifier>
    </Filter>
    <Filter Include="Application\Device\Input\Keyboard">
      <UniqueIdentifier>{c09d6ad1-d946-493f-9b8a-a3bd841f17cf}</UniqueIdentifier>
    </Filter>
    <Filter Include="Application\Device\Input\Keyboard\GLFW">
      <UniqueIdentifier>{627cd9b0-295d-4fc1-aa97-0a58ba40478f}</UniqueIdentifier>
    </Filter>
    <Filter Include="Application\Device\Input\Mouse">
      <UniqueIdentifier>{a4a34882-dbbb-4474-ab86-63fa691f508c}</UniqueIdentifier>
    </Filter>
    <Filter Include="Application\Device\Input\Mouse\GLFW">
      <UniqueIdentifier>{b54a9642-bd3a-4237-a075-f9f264937d4d}</UniqueIdentifier>
    </Filter>
    <Filter Include="Application\Device\Output\TextOutput\TextConsole">
      <UniqueIdentifier>{250b03e6-bffe-4aae-8872-7b6ed254e83f}</UniqueIdentifier>
    </Filter>
    <Filter Include="Framework\ECSFramework\Common\LIWDebug">
      <UniqueIdentifier>{664cc620-1df6-4b8b-b03b-27b9862090cb}</UniqueIdentifier>
    </Filter>
    <Filter Include="Framework\ECSFramework\LIWSystem">
      <UniqueIdentifier>{016ae882-8fa1-40aa-bda5-8fc2ce97ef78}</UniqueIdentifier>
    </Filter>
    <Filter Include="Framework\Test">
      <UniqueIdentifier>{3b1a745d-8a44-40cb-840a-d769411f2bee}</UniqueIdentifier>
    </Filter>
    <Filter Include="Framework\Test\Renderers">
      <UniqueIdentifier>{c0746866-4389-45d7-8487-f203f02bbdd3}</UniqueIdentifier>
    </Filter>
    <Filter Include="Application\Environment">
      <UniqueIdentifier>{2dc8d044-f49a-4219-a0d9-b09be1f6daaa}</UniqueIdentifier>
    </Filter>
    <Filter Include="Editor">
      <UniqueIdentifier>{8f03c892-270a-4fa7-9167-af6485dc865a}</UniqueIdentifier>
    </Filter>
    <Filter Include="Framework\ECSFramework\Common\LIWReflection">
      <UniqueIdentifier>{8d7289d6-d501-436a-b858-8c943ef44c16}</UniqueIdentifier>
    </Filter>
    <Filter Include="Utility\Debug">
      <UniqueIdentifier>{e6c11b59-0121-4ffe-8dfc-ec6c96192514}</UniqueIdentifier>
    </Filter>
  </ItemGroup>
  <ItemGroup>
    <ClCompile Include="..\ThirdParty\imgui\backends\imgui_impl_glfw.cpp">
      <Filter>ThirdParty\imgui\backends</Filter>
    </ClCompile>
    <ClCompile Include="..\ThirdParty\imgui\backends\imgui_impl_opengl3.cpp">
      <Filter>ThirdParty\imgui\backends</Filter>
    </ClCompile>
    <ClCompile Include="..\ThirdParty\imgui\imgui.cpp">
      <Filter>ThirdParty\imgui</Filter>
    </ClCompile>
    <ClCompile Include="..\ThirdParty\imgui\imgui_demo.cpp">
      <Filter>ThirdParty\imgui</Filter>
    </ClCompile>
    <ClCompile Include="..\ThirdParty\imgui\imgui_draw.cpp">
      <Filter>ThirdParty\imgui</Filter>
    </ClCompile>
    <ClCompile Include="..\ThirdParty\imgui\imgui_tables.cpp">
      <Filter>ThirdParty\imgui</Filter>
    </ClCompile>
    <ClCompile Include="..\ThirdParty\imgui\imgui_widgets.cpp">
      <Filter>ThirdParty\imgui</Filter>
    </ClCompile>
    <ClCompile Include="Window.cpp">
      <Filter>Application\Window</Filter>
    </ClCompile>
    <ClCompile Include="main.cpp">
      <Filter>源文件</Filter>
    </ClCompile>
    <ClCompile Include="OGLRenderer.cpp">
      <Filter>Framework\Renderer</Filter>
    </ClCompile>
    <ClCompile Include="Maths\Matrix2.cpp">
      <Filter>Utility\Maths</Filter>
    </ClCompile>
    <ClCompile Include="Maths\Matrix3.cpp">
      <Filter>Utility\Maths</Filter>
    </ClCompile>
    <ClCompile Include="Maths\Matrix4.cpp">
      <Filter>Utility\Maths</Filter>
    </ClCompile>
    <ClCompile Include="Maths\Quaternion.cpp">
      <Filter>Utility\Maths</Filter>
    </ClCompile>
    <ClCompile Include="Maths\Vector2.cpp">
      <Filter>Utility\Maths</Filter>
    </ClCompile>
    <ClCompile Include="Maths\Vector3.cpp">
      <Filter>Utility\Maths</Filter>
    </ClCompile>
    <ClCompile Include="Maths\Vector4.cpp">
      <Filter>Utility\Maths</Filter>
    </ClCompile>
    <ClCompile Include="Utility.cpp">
      <Filter>Utility</Filter>
    </ClCompile>
    <ClCompile Include="Input\Keyboard.cpp">
      <Filter>Application\Device\Input\Keyboard</Filter>
    </ClCompile>
    <ClCompile Include="Input\Mouse.cpp">
      <Filter>Application\Device\Input\Mouse</Filter>
    </ClCompile>
    <ClCompile Include="TestRenderer.cpp">
      <Filter>Framework\Test\Renderers</Filter>
    </ClCompile>
    <ClCompile Include="Input\Keyboard_GLFW.cpp">
      <Filter>Application\Device\Input\Keyboard\GLFW</Filter>
    </ClCompile>
    <ClCompile Include="Input\Mouse_GLFW.cpp">
      <Filter>Application\Device\Input\Mouse\GLFW</Filter>
    </ClCompile>
    <ClCompile Include="Framework\LIWEntity.cpp">
      <Filter>Framework\ECSFramework\LIWEntity</Filter>
    </ClCompile>
    <ClCompile Include="Framework\LIWGameTimer.cpp">
      <Filter>Framework\ECSFramework\Common\LIWTimer</Filter>
    </ClCompile>
    <ClCompile Include="Framework\LIWGame.cpp">
      <Filter>Framework\ECSFramework\LIWGame</Filter>
    </ClCompile>
    <ClCompile Include="Output\TextConsole.cpp">
      <Filter>Application\Device\Output\TextOutput\TextConsole</Filter>
    </ClCompile>
    <ClCompile Include="Framework\LIWDebug.cpp">
      <Filter>Framework\ECSFramework\Common\LIWDebug</Filter>
    </ClCompile>
    <ClCompile Include="Framework\LIWManager.cpp">
      <Filter>Framework\ECSFramework\LIWEntity</Filter>
    </ClCompile>
    <ClCompile Include="TestGame.cpp">
      <Filter>Framework\Test</Filter>
    </ClCompile>
  </ItemGroup>
  <ItemGroup>
    <ClInclude Include="..\ThirdParty\imgui\backends\imgui_impl_glfw.h">
      <Filter>ThirdParty\imgui\backends</Filter>
    </ClInclude>
    <ClInclude Include="..\ThirdParty\imgui\backends\imgui_impl_opengl3.h">
      <Filter>ThirdParty\imgui\backends</Filter>
    </ClInclude>
    <ClInclude Include="..\ThirdParty\imgui\backends\imgui_impl_opengl3_loader.h">
      <Filter>ThirdParty\imgui\backends</Filter>
    </ClInclude>
    <ClInclude Include="..\ThirdParty\imgui\imconfig.h">
      <Filter>ThirdParty\imgui</Filter>
    </ClInclude>
    <ClInclude Include="..\ThirdParty\imgui\imgui.h">
      <Filter>ThirdParty\imgui</Filter>
    </ClInclude>
    <ClInclude Include="..\ThirdParty\imgui\imgui_internal.h">
      <Filter>ThirdParty\imgui</Filter>
    </ClInclude>
    <ClInclude Include="..\ThirdParty\imgui\imstb_rectpack.h">
      <Filter>ThirdParty\imgui</Filter>
    </ClInclude>
    <ClInclude Include="..\ThirdParty\imgui\imstb_textedit.h">
      <Filter>ThirdParty\imgui</Filter>
    </ClInclude>
    <ClInclude Include="..\ThirdParty\imgui\imstb_truetype.h">
      <Filter>ThirdParty\imgui</Filter>
    </ClInclude>
    <ClInclude Include="Window.h">
      <Filter>Application\Window</Filter>
    </ClInclude>
    <ClInclude Include="OGLRenderer.h">
      <Filter>Framework\Renderer</Filter>
    </ClInclude>
    <ClInclude Include="common.h">
      <Filter>Utility</Filter>
    </ClInclude>
    <ClInclude Include="Maths\Matrix2.h">
      <Filter>Utility\Maths</Filter>
    </ClInclude>
    <ClInclude Include="Maths\Matrix3.h">
      <Filter>Utility\Maths</Filter>
    </ClInclude>
    <ClInclude Include="Maths\Matrix4.h">
      <Filter>Utility\Maths</Filter>
    </ClInclude>
    <ClInclude Include="Maths\MyMaths.h">
      <Filter>Utility\Maths</Filter>
    </ClInclude>
    <ClInclude Include="Maths\Quaternion.h">
      <Filter>Utility\Maths</Filter>
    </ClInclude>
    <ClInclude Include="Maths\Vector2.h">
      <Filter>Utility\Maths</Filter>
    </ClInclude>
    <ClInclude Include="Maths\Vector3.h">
      <Filter>Utility\Maths</Filter>
    </ClInclude>
    <ClInclude Include="Maths\Vector4.h">
      <Filter>Utility\Maths</Filter>
    </ClInclude>
    <ClInclude Include="Exceptions.h">
      <Filter>Utility</Filter>
    </ClInclude>
    <ClInclude Include="Macros.h">
      <Filter>Utility</Filter>
    </ClInclude>
    <ClInclude Include="Utility.h">
      <Filter>Utility</Filter>
    </ClInclude>
    <ClInclude Include="Input\Keyboard.h">
      <Filter>Application\Device\Input\Keyboard</Filter>
    </ClInclude>
    <ClInclude Include="Input\Mouse.h">
      <Filter>Application\Device\Input\Mouse</Filter>
    </ClInclude>
    <ClInclude Include="Input\InputDevice.h">
      <Filter>Application\Device\Input</Filter>
    </ClInclude>
    <ClInclude Include="TestRenderer.h">
      <Filter>Framework\Test\Renderers</Filter>
    </ClInclude>
    <ClInclude Include="Input\Keyboard_GLFW.h">
      <Filter>Application\Device\Input\Keyboard\GLFW</Filter>
    </ClInclude>
    <ClInclude Include="Input\Keycode.h">
      <Filter>Application\Device\Input\Keyboard</Filter>
    </ClInclude>
    <ClInclude Include="Input\Mousecode.h">
      <Filter>Application\Device\Input\Mouse</Filter>
    </ClInclude>
    <ClInclude Include="Input\Mouse_GLFW.h">
      <Filter>Application\Device\Input\Mouse\GLFW</Filter>
    </ClInclude>
    <ClInclude Include="Framework\LIWEntity.h">
      <Filter>Framework\ECSFramework\LIWEntity</Filter>
    </ClInclude>
    <ClInclude Include="Framework\LIWEntityAttachment.h">
      <Filter>Framework\ECSFramework\LIWEntity</Filter>
    </ClInclude>
    <ClInclude Include="Framework\LIWGame.h">
      <Filter>Framework\ECSFramework\LIWGame</Filter>
    </ClInclude>
    <ClInclude Include="Framework\LIWObject.h">
      <Filter>Framework\ECSFramework\LIWObject</Filter>
    </ClInclude>
    <ClInclude Include="Framework\LIWGameTimer.h">
      <Filter>Framework\ECSFramework\Common\LIWTimer</Filter>
    </ClInclude>
    <ClInclude Include="Output\OutputDevice.h">
      <Filter>Application\Device\Output</Filter>
    </ClInclude>
    <ClInclude Include="LIWDevice.h">
      <Filter>Application\Device</Filter>
    </ClInclude>
    <ClInclude Include="Output\TextOutputDevice.h">
      <Filter>Application\Device\Output\TextOutput</Filter>
    </ClInclude>
    <ClInclude Include="Output\TextConsole.h">
      <Filter>Application\Device\Output\TextOutput\TextConsole</Filter>
    </ClInclude>
    <ClInclude Include="Framework\LIWDebug.h">
      <Filter>Framework\ECSFramework\Common\LIWDebug</Filter>
    </ClInclude>
    <ClInclude Include="Framework\LIWComponent.h">
      <Filter>Framework\ECSFramework\LIWComponent</Filter>
    </ClInclude>
    <ClInclude Include="Framework\LIWComponentManager.h">
      <Filter>Framework\ECSFramework\LIWComponent</Filter>
    </ClInclude>
    <ClInclude Include="Framework\LIWSystem.h">
      <Filter>Framework\ECSFramework\LIWSystem</Filter>
    </ClInclude>
    <ClInclude Include="Framework\LIWStandardSystem.h">
      <Filter>Framework\ECSFramework\LIWSystem</Filter>
    </ClInclude>
    <ClInclude Include="Framework\LIWEntityManager.h">
      <Filter>Framework\ECSFramework\LIWEntity</Filter>
    </ClInclude>
    <ClInclude Include="TestGame.h">
      <Filter>Framework\Test</Filter>
    </ClInclude>
    <ClInclude Include="Environment.h">
      <Filter>Application\Environment</Filter>
    </ClInclude>
    <ClInclude Include="Framework\LIWReflection.h">
      <Filter>Framework\ECSFramework\Common\LIWReflection</Filter>
    </ClInclude>
    <ClInclude Include="Editor\LIWEditorUIHelper.h">
      <Filter>Editor</Filter>
    </ClInclude>
    <ClInclude Include="TestComponent0.h">
      <Filter>Framework\Test</Filter>
    </ClInclude>
    <ClInclude Include="Framework\LIWType.h">
      <Filter>Framework\ECSFramework\Common\LIWReflection</Filter>
    </ClInclude>
  </ItemGroup>
  <ItemGroup>
    <None Include="cpp.hint" />
  </ItemGroup>
</Project>