<?xml version="1.0" encoding="utf-8"?>
<Project ToolsVersion="4.0" xmlns="http://schemas.microsoft.com/developer/msbuild/2003">
  <ItemGroup>
    <Filter Include="源文件">
      <UniqueIdentifier>{4FC737F1-C7A5-4376-A066-2A32D752A2FF}</UniqueIdentifier>
      <Extensions>cpp;c;cc;cxx;c++;cppm;ixx;def;odl;idl;hpj;bat;asm;asmx</Extensions>
    </Filter>
    <Filter Include="头文件">
      <UniqueIdentifier>{93995380-89BD-4b04-88EB-625FBE52EBFB}</UniqueIdentifier>
      <Extensions>h;hh;hpp;hxx;h++;hm;inl;inc;ipp;xsd</Extensions>
    </Filter>
    <Filter Include="资源文件">
      <UniqueIdentifier>{67DA6AB6-F800-4c08-8B7A-83BB121AAD01}</UniqueIdentifier>
      <Extensions>rc;ico;cur;bmp;dlg;rc2;rct;bin;rgs;gif;jpg;jpeg;jpe;resx;tiff;tif;png;wav;mfcribbon-ms</Extensions>
    </Filter>
    <Filter Include="Framework">
      <UniqueIdentifier>{64c7f34b-16b0-4e91-8b98-4ea2d4cfd239}</UniqueIdentifier>
    </Filter>
    <Filter Include="Framework\Test">
      <UniqueIdentifier>{3b1a745d-8a44-40cb-840a-d769411f2bee}</UniqueIdentifier>
    </Filter>
    <Filter Include="Editor">
      <UniqueIdentifier>{8f03c892-270a-4fa7-9167-af6485dc865a}</UniqueIdentifier>
    </Filter>
    <Filter Include="Core">
      <UniqueIdentifier>{a1d8ff8a-7bf5-4adb-8668-08637540fe22}</UniqueIdentifier>
    </Filter>
    <Filter Include="Core\ECSFramework">
      <UniqueIdentifier>{a993d0d7-02a2-4a0c-8738-4bd20a5456b0}</UniqueIdentifier>
    </Filter>
    <Filter Include="Core\ECSFramework\LIWEntity">
      <UniqueIdentifier>{91c120a5-5144-4ee9-a823-46458a733363}</UniqueIdentifier>
    </Filter>
    <Filter Include="Core\ECSFramework\LIWGame">
      <UniqueIdentifier>{5d6612be-b05b-4967-9b7f-ec8294755d07}</UniqueIdentifier>
    </Filter>
    <Filter Include="Core\ECSFramework\LIWSystem">
      <UniqueIdentifier>{016ae882-8fa1-40aa-bda5-8fc2ce97ef78}</UniqueIdentifier>
    </Filter>
    <Filter Include="Core\Debug">
      <UniqueIdentifier>{664cc620-1df6-4b8b-b03b-27b9862090cb}</UniqueIdentifier>
    </Filter>
    <Filter Include="Core\Time">
      <UniqueIdentifier>{1d459080-2ad5-459c-af45-fde3c835bec9}</UniqueIdentifier>
    </Filter>
    <Filter Include="Core\Application">
      <UniqueIdentifier>{660cb8cd-66cd-41dd-ae1a-00fe361429e9}</UniqueIdentifier>
    </Filter>
    <Filter Include="Core\Application\Window">
      <UniqueIdentifier>{02b5ffcf-308d-4860-9bbe-cf8747a62127}</UniqueIdentifier>
    </Filter>
    <Filter Include="Core\Application\Device">
      <UniqueIdentifier>{ba42e746-c4b4-4dc1-ad2a-6eb9dace9bdc}</UniqueIdentifier>
    </Filter>
    <Filter Include="Core\Application\Device\Output">
      <UniqueIdentifier>{808772df-365f-4318-9958-23c08da1c84d}</UniqueIdentifier>
    </Filter>
    <Filter Include="Core\Application\Device\Output\TextOutput">
      <UniqueIdentifier>{6a226f08-f83c-4e08-a9bb-05345d5d33ec}</UniqueIdentifier>
    </Filter>
    <Filter Include="Core\Application\Device\Output\TextOutput\TextConsole">
      <UniqueIdentifier>{250b03e6-bffe-4aae-8872-7b6ed254e83f}</UniqueIdentifier>
    </Filter>
    <Filter Include="Core\Application\Device\Input">
      <UniqueIdentifier>{6ccbaa4b-6e9d-4b93-a676-67d05cab1c8a}</UniqueIdentifier>
    </Filter>
    <Filter Include="Core\Application\Device\Input\Keyboard">
      <UniqueIdentifier>{c09d6ad1-d946-493f-9b8a-a3bd841f17cf}</UniqueIdentifier>
    </Filter>
    <Filter Include="Core\Application\Device\Input\Keyboard\GLFW">
      <UniqueIdentifier>{627cd9b0-295d-4fc1-aa97-0a58ba40478f}</UniqueIdentifier>
    </Filter>
    <Filter Include="Core\Application\Device\Input\Mouse">
      <UniqueIdentifier>{a4a34882-dbbb-4474-ab86-63fa691f508c}</UniqueIdentifier>
    </Filter>
    <Filter Include="Core\Application\Device\Input\Mouse\GLFW">
      <UniqueIdentifier>{b54a9642-bd3a-4237-a075-f9f264937d4d}</UniqueIdentifier>
    </Filter>
    <Filter Include="Core\Application\Environment">
      <UniqueIdentifier>{2dc8d044-f49a-4219-a0d9-b09be1f6daaa}</UniqueIdentifier>
    </Filter>
    <Filter Include="Core\Maths">
      <UniqueIdentifier>{e7a8b268-5cae-4f16-9107-312cf499d2b9}</UniqueIdentifier>
    </Filter>
    <Filter Include="Core\Utility">
      <UniqueIdentifier>{ecc609fd-cc24-41b3-a1cb-221e61e2355a}</UniqueIdentifier>
    </Filter>
    <Filter Include="Core\Containers">
      <UniqueIdentifier>{36233590-7aec-4d36-8a37-bf4a80d4dfbd}</UniqueIdentifier>
    </Filter>
    <Filter Include="Core\Memory">
      <UniqueIdentifier>{1d887fed-0dce-41f8-b9d5-c8dcdef70db8}</UniqueIdentifier>
    </Filter>
    <Filter Include="Core\Renderers">
      <UniqueIdentifier>{1732d455-ff80-41f1-8ae6-077fd80143c3}</UniqueIdentifier>
    </Filter>
    <Filter Include="Framework\Test\Memory">
      <UniqueIdentifier>{13d12786-f8f7-4e9b-8268-b08f7fdb34fe}</UniqueIdentifier>
    </Filter>
    <Filter Include="Core\ECSFramework\LIWComponent">
      <UniqueIdentifier>{c4fb6f91-787a-48dd-a457-7bfdf6dac105}</UniqueIdentifier>
    </Filter>
    <Filter Include="Framework\Test\TestGame">
      <UniqueIdentifier>{574f2879-8d7e-4be7-b768-90e14aa4f8c5}</UniqueIdentifier>
    </Filter>
    <Filter Include="Framework\Test\TestGame\Component">
      <UniqueIdentifier>{f13d7621-8520-42d2-9685-58224b95c312}</UniqueIdentifier>
    </Filter>
    <Filter Include="Framework\Test\TestGame\Renderers">
      <UniqueIdentifier>{c0746866-4389-45d7-8487-f203f02bbdd3}</UniqueIdentifier>
    </Filter>
    <Filter Include="ThirdParty">
      <UniqueIdentifier>{f0c87509-bde4-44ff-8826-48897e12fe88}</UniqueIdentifier>
    </Filter>
    <Filter Include="ThirdParty\imgui">
      <UniqueIdentifier>{e1134532-00c4-413f-b4fd-9a407287a176}</UniqueIdentifier>
    </Filter>
    <Filter Include="ThirdParty\imgui\backends">
      <UniqueIdentifier>{a8223a97-8776-400c-9cf4-345f1484ab5d}</UniqueIdentifier>
    </Filter>
    <Filter Include="Framework\Test\TestGame\System">
      <UniqueIdentifier>{4e2c50dd-467b-4d16-920e-fd786d1786dd}</UniqueIdentifier>
    </Filter>
    <Filter Include="Core\Threading">
      <UniqueIdentifier>{b93c57f3-9bca-471f-9d4a-6ac36b115c05}</UniqueIdentifier>
    </Filter>
    <Filter Include="Core\Threading\Utils">
      <UniqueIdentifier>{e80ecfed-dfb1-4e64-a4c2-ca75ffffd2cf}</UniqueIdentifier>
    </Filter>
    <Filter Include="Core\Threading\Executors">
      <UniqueIdentifier>{901a21ed-2726-428d-bd5f-e9282928d718}</UniqueIdentifier>
    </Filter>
    <Filter Include="Framework\Test\Debug">
      <UniqueIdentifier>{d98bdb2b-85f7-4adb-99a4-ee505112572f}</UniqueIdentifier>
    </Filter>
    <Filter Include="Framework\Test\Framework">
      <UniqueIdentifier>{2daa7ad6-5bab-4258-be03-acd1885ade4e}</UniqueIdentifier>
    </Filter>
    <Filter Include="Core\ECSFramework\Components">
      <UniqueIdentifier>{646fe375-d17b-46f0-86d8-3b2978058d88}</UniqueIdentifier>
    </Filter>
    <Filter Include="Framework\Test\Render">
      <UniqueIdentifier>{11329515-16cb-434a-8fd0-17491d293bd2}</UniqueIdentifier>
    </Filter>
    <Filter Include="Core\Utility\Files">
      <UniqueIdentifier>{e208b90e-062a-407d-ad22-ae89d83665e7}</UniqueIdentifier>
    </Filter>
  </ItemGroup>
  <ItemGroup>
    <ClCompile Include="..\ThirdParty\imgui\backends\imgui_impl_glfw.cpp">
      <Filter>ThirdParty\imgui\backends</Filter>
    </ClCompile>
    <ClCompile Include="..\ThirdParty\imgui\backends\imgui_impl_opengl3.cpp">
      <Filter>ThirdParty\imgui\backends</Filter>
    </ClCompile>
    <ClCompile Include="..\ThirdParty\imgui\imgui.cpp">
      <Filter>ThirdParty\imgui</Filter>
    </ClCompile>
    <ClCompile Include="..\ThirdParty\imgui\imgui_demo.cpp">
      <Filter>ThirdParty\imgui</Filter>
    </ClCompile>
    <ClCompile Include="..\ThirdParty\imgui\imgui_draw.cpp">
      <Filter>ThirdParty\imgui</Filter>
    </ClCompile>
    <ClCompile Include="..\ThirdParty\imgui\imgui_tables.cpp">
      <Filter>ThirdParty\imgui</Filter>
    </ClCompile>
    <ClCompile Include="..\ThirdParty\imgui\imgui_widgets.cpp">
      <Filter>ThirdParty\imgui</Filter>
    </ClCompile>
    <ClCompile Include="main.cpp">
      <Filter>源文件</Filter>
    </ClCompile>
    <ClCompile Include="TestRenderer.cpp">
      <Filter>Framework\Test\TestGame\Renderers</Filter>
    </ClCompile>
    <ClCompile Include="Core\Debug\LIWDebug.cpp">
      <Filter>Core\Debug</Filter>
    </ClCompile>
    <ClCompile Include="Core\Time\LIWGameTimer.cpp">
      <Filter>Core\Time</Filter>
    </ClCompile>
    <ClCompile Include="Core\Application\Output\TextConsole.cpp">
      <Filter>Core\Application\Device\Output\TextOutput\TextConsole</Filter>
    </ClCompile>
    <ClCompile Include="Core\Application\Input\Mouse.cpp">
      <Filter>Core\Application\Device\Input\Mouse</Filter>
    </ClCompile>
    <ClCompile Include="Core\Application\Input\Mouse_GLFW.cpp">
      <Filter>Core\Application\Device\Input\Mouse\GLFW</Filter>
    </ClCompile>
    <ClCompile Include="Core\Application\Input\Keyboard.cpp">
      <Filter>Core\Application\Device\Input\Keyboard</Filter>
    </ClCompile>
    <ClCompile Include="Core\Application\Input\Keyboard_GLFW.cpp">
      <Filter>Core\Application\Device\Input\Keyboard\GLFW</Filter>
    </ClCompile>
    <ClCompile Include="Core\Application\Window.cpp">
      <Filter>Core\Application\Window</Filter>
    </ClCompile>
    <ClCompile Include="Core\Utility.cpp">
      <Filter>Core\Utility</Filter>
    </ClCompile>
    <ClCompile Include="Core\Renderers\OGLRenderer.cpp">
      <Filter>Core\Renderers</Filter>
    </ClCompile>
    <ClCompile Include="Core\Memory\LIWMemory.cpp">
      <Filter>Core\Memory</Filter>
    </ClCompile>
    <ClCompile Include="Core\LIWCore.cpp">
      <Filter>Core</Filter>
    </ClCompile>
    <ClCompile Include="Core\Framework\LIWStandardSystem.cpp">
      <Filter>Core\ECSFramework\LIWSystem</Filter>
    </ClCompile>
    <ClCompile Include="Core\Framework\LIWGame.cpp">
      <Filter>Core\ECSFramework\LIWGame</Filter>
    </ClCompile>
    <ClCompile Include="TestGame.cpp">
      <Filter>Framework\Test\TestGame</Filter>
    </ClCompile>
    <ClCompile Include="TestSystem0.cpp">
      <Filter>Framework\Test\TestGame\System</Filter>
    </ClCompile>
    <ClCompile Include="Core\LIWFrame.cpp">
      <Filter>Core\Utility</Filter>
    </ClCompile>
    <ClCompile Include="Core\Time\LIWTime.cpp">
      <Filter>Core\Time</Filter>
    </ClCompile>
    <ClCompile Include="Core\Application\LIWApplicationTasks.cpp">
      <Filter>Core\Application</Filter>
    </ClCompile>
    <ClCompile Include="Editor\LIWEditorTasks.cpp">
      <Filter>Editor</Filter>
    </ClCompile>
    <ClCompile Include="Core\Threading\LIWFiberExecutor.cpp">
      <Filter>Core\Threading\Executors</Filter>
    </ClCompile>
    <ClCompile Include="Core\Threading\LIWMainThreadExecutor.cpp">
      <Filter>Core\Threading\Executors</Filter>
    </ClCompile>
    <ClCompile Include="Core\Threading\LIWFiberMain.cpp">
      <Filter>Core\Threading\Utils</Filter>
    </ClCompile>
    <ClCompile Include="Core\Threading\LIWFiberWorker.cpp">
      <Filter>Core\Threading\Utils</Filter>
    </ClCompile>
    <ClCompile Include="Core\Threading\LIWThread.cpp">
      <Filter>Core\Threading\Utils</Filter>
    </ClCompile>
    <ClCompile Include="TestAromics.cpp">
      <Filter>Framework\Test\Debug</Filter>
    </ClCompile>
    <ClCompile Include="Core\Framework\LIWEntity.cpp">
      <Filter>Core\ECSFramework\LIWEntity</Filter>
    </ClCompile>
    <ClCompile Include="Core\Framework\LIWEntityManager.cpp">
      <Filter>Core\ECSFramework\LIWEntity</Filter>
    </ClCompile>
    <ClCompile Include="Core\Framework\LIWComponent.cpp">
      <Filter>Core\ECSFramework\LIWComponent</Filter>
    </ClCompile>
    <ClCompile Include="Core\Debug\LIWDebugTasks.cpp">
      <Filter>Core\Debug</Filter>
    </ClCompile>
    <ClCompile Include="Core\Framework\LIWECSFunctional.cpp">
      <Filter>Core\ECSFramework</Filter>
    </ClCompile>
    <ClCompile Include="Core\LIWGlobal.cpp">
      <Filter>Core</Filter>
    </ClCompile>
    <ClCompile Include="TestGlobal.cpp">
      <Filter>Framework\Test\TestGame</Filter>
    </ClCompile>
    <ClCompile Include="LIWEditor.cpp">
      <Filter>Editor</Filter>
    </ClCompile>
    <ClCompile Include="Core\Renderers\LIWRenderer.cpp">
      <Filter>Core\Renderers</Filter>
    </ClCompile>
    <ClCompile Include="Core\Utility\LIWFile.cpp">
      <Filter>Core\Utility\Files</Filter>
    </ClCompile>
    <ClCompile Include="Core\Maths\LIWMaths.cpp">
      <Filter>Core\Maths</Filter>
    </ClCompile>
  </ItemGroup>
  <ItemGroup>
    <ClInclude Include="..\ThirdParty\imgui\backends\imgui_impl_glfw.h">
      <Filter>ThirdParty\imgui\backends</Filter>
    </ClInclude>
    <ClInclude Include="..\ThirdParty\imgui\backends\imgui_impl_opengl3.h">
      <Filter>ThirdParty\imgui\backends</Filter>
    </ClInclude>
    <ClInclude Include="..\ThirdParty\imgui\backends\imgui_impl_opengl3_loader.h">
      <Filter>ThirdParty\imgui\backends</Filter>
    </ClInclude>
    <ClInclude Include="..\ThirdParty\imgui\imconfig.h">
      <Filter>ThirdParty\imgui</Filter>
    </ClInclude>
    <ClInclude Include="..\ThirdParty\imgui\imgui.h">
      <Filter>ThirdParty\imgui</Filter>
    </ClInclude>
    <ClInclude Include="..\ThirdParty\imgui\imgui_internal.h">
      <Filter>ThirdParty\imgui</Filter>
    </ClInclude>
    <ClInclude Include="..\ThirdParty\imgui\imstb_rectpack.h">
      <Filter>ThirdParty\imgui</Filter>
    </ClInclude>
    <ClInclude Include="..\ThirdParty\imgui\imstb_textedit.h">
      <Filter>ThirdParty\imgui</Filter>
    </ClInclude>
    <ClInclude Include="..\ThirdParty\imgui\imstb_truetype.h">
      <Filter>ThirdParty\imgui</Filter>
    </ClInclude>
    <ClInclude Include="TestRenderer.h">
      <Filter>Framework\Test\TestGame\Renderers</Filter>
    </ClInclude>
    <ClInclude Include="Core\Framework\LIWSystem.h">
      <Filter>Core\ECSFramework\LIWSystem</Filter>
    </ClInclude>
    <ClInclude Include="Core\Debug\LIWDebug.h">
      <Filter>Core\Debug</Filter>
    </ClInclude>
    <ClInclude Include="Core\LIWConstants.h">
      <Filter>Core</Filter>
    </ClInclude>
    <ClInclude Include="Core\LIWTypes.h">
      <Filter>Core</Filter>
    </ClInclude>
    <ClInclude Include="Core\Time\LIWGameTimer.h">
      <Filter>Core\Time</Filter>
    </ClInclude>
    <ClInclude Include="Core\LIWObject.h">
      <Filter>Core</Filter>
    </ClInclude>
    <ClInclude Include="Core\Application\Output\OutputDevice.h">
      <Filter>Core\Application\Device\Output</Filter>
    </ClInclude>
    <ClInclude Include="Core\Application\Output\TextConsole.h">
      <Filter>Core\Application\Device\Output\TextOutput\TextConsole</Filter>
    </ClInclude>
    <ClInclude Include="Core\Application\Output\TextOutputDevice.h">
      <Filter>Core\Application\Device\Output\TextOutput</Filter>
    </ClInclude>
    <ClInclude Include="Core\Application\Input\InputDevice.h">
      <Filter>Core\Application\Device\Input</Filter>
    </ClInclude>
    <ClInclude Include="Core\Application\Input\Mouse.h">
      <Filter>Core\Application\Device\Input\Mouse</Filter>
    </ClInclude>
    <ClInclude Include="Core\Application\Input\Mousecode.h">
      <Filter>Core\Application\Device\Input\Mouse</Filter>
    </ClInclude>
    <ClInclude Include="Core\Application\Input\Mouse_GLFW.h">
      <Filter>Core\Application\Device\Input\Mouse\GLFW</Filter>
    </ClInclude>
    <ClInclude Include="Core\Application\Input\Keycode.h">
      <Filter>Core\Application\Device\Input\Keyboard</Filter>
    </ClInclude>
    <ClInclude Include="Core\Application\Input\Keyboard.h">
      <Filter>Core\Application\Device\Input\Keyboard</Filter>
    </ClInclude>
    <ClInclude Include="Core\Application\Input\Keyboard_GLFW.h">
      <Filter>Core\Application\Device\Input\Keyboard\GLFW</Filter>
    </ClInclude>
    <ClInclude Include="Core\Application\LIWDevice.h">
      <Filter>Core\Application\Device</Filter>
    </ClInclude>
    <ClInclude Include="Core\Application\Environment.h">
      <Filter>Core\Application\Environment</Filter>
    </ClInclude>
    <ClInclude Include="Core\Application\Window.h">
      <Filter>Core\Application\Window</Filter>
    </ClInclude>
    <ClInclude Include="Core\common.h">
      <Filter>Core</Filter>
    </ClInclude>
    <ClInclude Include="Core\Exceptions.h">
      <Filter>Core</Filter>
    </ClInclude>
    <ClInclude Include="Core\Macros.h">
      <Filter>Core</Filter>
    </ClInclude>
    <ClInclude Include="Core\Utility.h">
      <Filter>Core\Utility</Filter>
    </ClInclude>
    <ClInclude Include="Core\Renderers\OGLRenderer.h">
      <Filter>Core\Renderers</Filter>
    </ClInclude>
    <ClInclude Include="SingleThreadRunner.h">
      <Filter>头文件</Filter>
    </ClInclude>
    <ClInclude Include="MultiThreadRunner.h">
      <Filter>头文件</Filter>
    </ClInclude>
    <ClInclude Include="Core\Containers\LIWArray.h">
      <Filter>Core\Containers</Filter>
    </ClInclude>
    <ClInclude Include="Core\Containers\LIWDArray.h">
      <Filter>Core\Containers</Filter>
    </ClInclude>
    <ClInclude Include="Core\Containers\LIWThreadSafeQueue.h">
      <Filter>Core\Containers</Filter>
    </ClInclude>
    <ClInclude Include="Core\Containers\LIWThreadSafeQueueSized.h">
      <Filter>Core\Containers</Filter>
    </ClInclude>
    <ClInclude Include="Core\Memory\LIWAllocation.h">
      <Filter>Core\Memory</Filter>
    </ClInclude>
    <ClInclude Include="Core\Memory\LIWLGGPAllocator.h">
      <Filter>Core\Memory</Filter>
    </ClInclude>
    <ClInclude Include="Core\Memory\LIWLGPoolAllocator.h">
      <Filter>Core\Memory</Filter>
    </ClInclude>
    <ClInclude Include="Core\Memory\LIWLGStackAllocator.h">
      <Filter>Core\Memory</Filter>
    </ClInclude>
    <ClInclude Include="Core\Memory\LIWMemory.h">
      <Filter>Core\Memory</Filter>
    </ClInclude>
    <ClInclude Include="LIWCore.h">
      <Filter>Core</Filter>
    </ClInclude>
    <ClInclude Include="Core\LIWFrame.h">
      <Filter>Core\Utility</Filter>
    </ClInclude>
    <ClInclude Include="test_mem_0.h">
      <Filter>Framework\Test\Memory</Filter>
    </ClInclude>
    <ClInclude Include="Core\Framework\LIWStandardSystem.h">
      <Filter>Core\ECSFramework\LIWSystem</Filter>
    </ClInclude>
    <ClInclude Include="Core\Framework\LIWComponent.h">
      <Filter>Core\ECSFramework\LIWComponent</Filter>
    </ClInclude>
    <ClInclude Include="Core\Framework\LIWComponentManager.h">
      <Filter>Core\ECSFramework\LIWComponent</Filter>
    </ClInclude>
    <ClInclude Include="Core\Framework\LIWGame.h">
      <Filter>Core\ECSFramework\LIWGame</Filter>
    </ClInclude>
    <ClInclude Include="TestGame.h">
      <Filter>Framework\Test\TestGame</Filter>
    </ClInclude>
    <ClInclude Include="TestComponent0.h">
      <Filter>Framework\Test\TestGame\Component</Filter>
    </ClInclude>
    <ClInclude Include="TestSystem0.h">
      <Filter>Framework\Test\TestGame\System</Filter>
    </ClInclude>
    <ClInclude Include="TestFiberTaskIds.h">
      <Filter>Framework\Test</Filter>
    </ClInclude>
    <ClInclude Include="Core\Time\LIWTime.h">
      <Filter>Core\Time</Filter>
    </ClInclude>
    <ClInclude Include="Core\Application\LIWApplicationTasks.h">
      <Filter>Core\Application</Filter>
    </ClInclude>
    <ClInclude Include="Editor\LIWEditorTasks.h">
      <Filter>Editor</Filter>
    </ClInclude>
    <ClInclude Include="Core\Threading\LIWFiberExecutor.h">
      <Filter>Core\Threading\Executors</Filter>
    </ClInclude>
    <ClInclude Include="Core\Threading\LIWMainThreadExecutor.h">
      <Filter>Core\Threading\Executors</Filter>
    </ClInclude>
    <ClInclude Include="Core\Threading\LIWFiber.h">
      <Filter>Core\Threading\Utils</Filter>
    </ClInclude>
    <ClInclude Include="Core\Threading\LIWFiberCommon.h">
      <Filter>Core\Threading\Utils</Filter>
    </ClInclude>
    <ClInclude Include="Core\Threading\LIWFiberMain.h">
      <Filter>Core\Threading\Utils</Filter>
    </ClInclude>
    <ClInclude Include="Core\Threading\LIWFiberTask.h">
      <Filter>Core\Threading\Utils</Filter>
    </ClInclude>
    <ClInclude Include="Core\Threading\LIWFiberThreadPoolSized.h">
      <Filter>Core\Threading\Utils</Filter>
    </ClInclude>
    <ClInclude Include="Core\Threading\LIWFiberWorker.h">
      <Filter>Core\Threading\Utils</Filter>
    </ClInclude>
    <ClInclude Include="Core\Threading\LIWThread.h">
      <Filter>Core\Threading\Utils</Filter>
    </ClInclude>
    <ClInclude Include="Core\Threading\LIWThreadWorker.h">
      <Filter>Core\Threading\Utils</Filter>
    </ClInclude>
    <ClInclude Include="Core\Threading\LIWThreadWorkerTask.h">
      <Filter>Core\Threading\Utils</Filter>
    </ClInclude>
    <ClInclude Include="TestAtomics.h">
      <Filter>Framework\Test\Debug</Filter>
    </ClInclude>
    <ClInclude Include="Core\Framework\LIWEntity.h">
      <Filter>Core\ECSFramework\LIWEntity</Filter>
    </ClInclude>
    <ClInclude Include="Core\Framework\LIWEntityManager.h">
      <Filter>Core\ECSFramework\LIWEntity</Filter>
    </ClInclude>
    <ClInclude Include="test_ecs_0.h">
      <Filter>Framework\Test\Framework</Filter>
    </ClInclude>
    <ClInclude Include="Core\Debug\LIWDebugTasks.h">
      <Filter>Core\Debug</Filter>
    </ClInclude>
    <ClInclude Include="Core\Framework\LIWECSFunctional.h">
      <Filter>Core\ECSFramework</Filter>
    </ClInclude>
    <ClInclude Include="Core\LIWGlobal.h">
      <Filter>Core</Filter>
    </ClInclude>
    <ClInclude Include="TestGlobal.h">
      <Filter>Framework\Test\TestGame</Filter>
    </ClInclude>
    <ClInclude Include="Core\Framework\LIWECSConfiguration.h">
      <Filter>Core\ECSFramework</Filter>
    </ClInclude>
    <ClInclude Include="TestComponentCollection.h">
      <Filter>Framework\Test\TestGame\Component</Filter>
    </ClInclude>
    <ClInclude Include="Core\Framework\Components\LIWComponent_Transform.h">
      <Filter>Core\ECSFramework\Components</Filter>
    </ClInclude>
    <ClInclude Include="Core\LIWExceptions.h">
      <Filter>Core\Utility</Filter>
    </ClInclude>
    <ClInclude Include="Core\Framework\LIWComponentCollection.h">
      <Filter>Core\ECSFramework</Filter>
    </ClInclude>
    <ClInclude Include="test_vulkan_0.h">
      <Filter>Framework\Test\Render</Filter>
    </ClInclude>
    <ClInclude Include="Core\LIWglfw.h">
      <Filter>Core</Filter>
    </ClInclude>
    <ClInclude Include="LIWEditor.h">
      <Filter>Editor</Filter>
    </ClInclude>
    <ClInclude Include="Core\Renderers\LIWRenderer.h">
      <Filter>Core\Renderers</Filter>
    </ClInclude>
    <ClInclude Include="Core\Utility\LIWFile.h">
      <Filter>Core\Utility\Files</Filter>
    </ClInclude>
    <ClInclude Include="Core\Maths\LIWMaths.h">
      <Filter>Core\Maths</Filter>
    </ClInclude>
  </ItemGroup>
  <ItemGroup>
    <None Include="cpp.hint" />
  </ItemGroup>
  <ItemGroup>
    <Natvis Include="LIW.natvis" />
  </ItemGroup>
</Project>